
Microsoft Visual Studio Solution File, Format Version 12.00
# Visual Studio Version 17
VisualStudioVersion = 17.10.35122.118
MinimumVisualStudioVersion = 10.0.40219.1
Project("{FAE04EC0-301F-11D3-BF4B-00C04F79EFBC}") = "farsis", "farsis.csproj", "{43C748F7-372B-44BC-8BA4-67805D7D27DE}"
EndProject
Global
	GlobalSection(SolutionConfigurationPlatforms) = preSolution
		Debug|Any CPU = Debug|Any CPU
		Release|Any CPU = Release|Any CPU
	EndGlobalSection
	GlobalSection(ProjectConfigurationPlatforms) = postSolution
		{43C748F7-372B-44BC-8BA4-67805D7D27DE}.Debug|Any CPU.ActiveCfg = Debug|Any CPU
		{43C748F7-372B-44BC-8BA4-67805D7D27DE}.Debug|Any CPU.Build.0 = Debug|Any CPU
		{43C748F7-372B-44BC-8BA4-67805D7D27DE}.Release|Any CPU.ActiveCfg = Release|Any CPU
		{43C748F7-372B-44BC-8BA4-67805D7D27DE}.Release|Any CPU.Build.0 = Release|Any CPU
	EndGlobalSection
	GlobalSection(SolutionProperties) = preSolution
		HideSolutionNode = FALSE
	EndGlobalSection
	GlobalSection(ExtensibilityGlobals) = postSolution
		SolutionGuid = {956E3F88-99FE-445E-A138-DC0EB7E9A811}
	EndGlobalSection
EndGlobal
